// !$*UTF8*$!
{
	archiveVersion = 1;
	classes = {
	};
	objectVersion = 52;
	objects = {

/* Begin PBXBuildFile section */
		0E9614BF998E940AE96C6190 /* libPods-ChargieTests.a in Frameworks */ = {isa = PBXBuildFile; fileRef = 030E6CBBE9BED812CF46CEE1 /* libPods-ChargieTests.a */; };
		70CD85F1EB43E7EAF585D761 /* libPods-Chargie.a in Frameworks */ = {isa = PBXBuildFile; fileRef = 129180318E1D886AB8A124CF /* libPods-Chargie.a */; };
		CD13A873256D2D6700D6EC61 /* ChargieApp.swift in Sources */ = {isa = PBXBuildFile; fileRef = CD13A872256D2D6700D6EC61 /* ChargieApp.swift */; };
		CD13A875256D2D6700D6EC61 /* ContentView.swift in Sources */ = {isa = PBXBuildFile; fileRef = CD13A874256D2D6700D6EC61 /* ContentView.swift */; };
		CD13A877256D2D6800D6EC61 /* Assets.xcassets in Resources */ = {isa = PBXBuildFile; fileRef = CD13A876256D2D6800D6EC61 /* Assets.xcassets */; };
		CD13A87A256D2D6800D6EC61 /* Preview Assets.xcassets in Resources */ = {isa = PBXBuildFile; fileRef = CD13A879256D2D6800D6EC61 /* Preview Assets.xcassets */; };
		CD13A885256D2D6800D6EC61 /* ChargeyTests.swift in Sources */ = {isa = PBXBuildFile; fileRef = CD13A884256D2D6800D6EC61 /* ChargeyTests.swift */; };
		CD13A890256D2D6800D6EC61 /* ChargeyUITests.swift in Sources */ = {isa = PBXBuildFile; fileRef = CD13A88F256D2D6800D6EC61 /* ChargeyUITests.swift */; };
		CD13A8AE256D63D500D6EC61 /* Store.swift in Sources */ = {isa = PBXBuildFile; fileRef = CD13A8AD256D63D500D6EC61 /* Store.swift */; };
		CD13A8B3256D648600D6EC61 /* AppModel.swift in Sources */ = {isa = PBXBuildFile; fileRef = CD13A8B2256D648600D6EC61 /* AppModel.swift */; };
		CD13A8BC256D65FE00D6EC61 /* ChargiePack.swift in Sources */ = {isa = PBXBuildFile; fileRef = CD13A8BB256D65FE00D6EC61 /* ChargiePack.swift */; };
		CD13A8C1256D690000D6EC61 /* ChargiePackList.swift in Sources */ = {isa = PBXBuildFile; fileRef = CD13A8C0256D690000D6EC61 /* ChargiePackList.swift */; };
		CD13A8DF256D78E000D6EC61 /* IntentHandler.swift in Sources */ = {isa = PBXBuildFile; fileRef = CD13A8DE256D78E000D6EC61 /* IntentHandler.swift */; };
		CD13A8E3256D78E000D6EC61 /* ChargingAnimation.appex in Embed App Extensions */ = {isa = PBXBuildFile; fileRef = CD13A8DC256D78E000D6EC61 /* ChargingAnimation.appex */; settings = {ATTRIBUTES = (RemoveHeadersOnCopy, ); }; };
		CD13A924256D7F4800D6EC61 /* Intents.intentdefinition in Sources */ = {isa = PBXBuildFile; fileRef = CD13A923256D7F4800D6EC61 /* Intents.intentdefinition */; };
		CD13A925256D7F4800D6EC61 /* Intents.intentdefinition in Sources */ = {isa = PBXBuildFile; fileRef = CD13A923256D7F4800D6EC61 /* Intents.intentdefinition */; };
		CD13A934256D807A00D6EC61 /* AnimationIntentHandler.swift in Sources */ = {isa = PBXBuildFile; fileRef = CD13A932256D807A00D6EC61 /* AnimationIntentHandler.swift */; };
		CD13A957256D902B00D6EC61 /* NSUserActivity+IntentData.swift in Sources */ = {isa = PBXBuildFile; fileRef = CD13A956256D902B00D6EC61 /* NSUserActivity+IntentData.swift */; };
		CD13A958256D902B00D6EC61 /* NSUserActivity+IntentData.swift in Sources */ = {isa = PBXBuildFile; fileRef = CD13A956256D902B00D6EC61 /* NSUserActivity+IntentData.swift */; };
		CD13A9CA256DEE9E00D6EC61 /* LottieView.swift in Sources */ = {isa = PBXBuildFile; fileRef = CD13A9C9256DEE9E00D6EC61 /* LottieView.swift */; };
		CD13A9FC256E3FAE00D6EC61 /* 36318-cat-preloader.json in Resources */ = {isa = PBXBuildFile; fileRef = CD13A9FB256E3FAE00D6EC61 /* 36318-cat-preloader.json */; };
		CD13A9FD256E3FAE00D6EC61 /* 36318-cat-preloader.json in Resources */ = {isa = PBXBuildFile; fileRef = CD13A9FB256E3FAE00D6EC61 /* 36318-cat-preloader.json */; };
		CD49F250256E78F200C9B274 /* 9678-colorfull-loading.json in Resources */ = {isa = PBXBuildFile; fileRef = CD49F24F256E78F200C9B274 /* 9678-colorfull-loading.json */; };
		CD49F25A256E7B6900C9B274 /* ChargieView.swift in Sources */ = {isa = PBXBuildFile; fileRef = CD49F259256E7B6900C9B274 /* ChargieView.swift */; };
		CD49F26C256E8CE600C9B274 /* MenuView.swift in Sources */ = {isa = PBXBuildFile; fileRef = CD49F26B256E8CE600C9B274 /* MenuView.swift */; };
		CD49F281256EA4C900C9B274 /* Lottie in Frameworks */ = {isa = PBXBuildFile; productRef = CD49F280256EA4C900C9B274 /* Lottie */; };
/* End PBXBuildFile section */

/* Begin PBXContainerItemProxy section */
		CD13A881256D2D6800D6EC61 /* PBXContainerItemProxy */ = {
			isa = PBXContainerItemProxy;
			containerPortal = CD13A867256D2D6700D6EC61 /* Project object */;
			proxyType = 1;
			remoteGlobalIDString = CD13A86E256D2D6700D6EC61;
			remoteInfo = Chargey;
		};
		CD13A88C256D2D6800D6EC61 /* PBXContainerItemProxy */ = {
			isa = PBXContainerItemProxy;
			containerPortal = CD13A867256D2D6700D6EC61 /* Project object */;
			proxyType = 1;
			remoteGlobalIDString = CD13A86E256D2D6700D6EC61;
			remoteInfo = Chargey;
		};
		CD13A8E1256D78E000D6EC61 /* PBXContainerItemProxy */ = {
			isa = PBXContainerItemProxy;
			containerPortal = CD13A867256D2D6700D6EC61 /* Project object */;
			proxyType = 1;
			remoteGlobalIDString = CD13A8DB256D78E000D6EC61;
			remoteInfo = Animation;
		};
/* End PBXContainerItemProxy section */

/* Begin PBXCopyFilesBuildPhase section */
		CD13A8E7256D78E000D6EC61 /* Embed App Extensions */ = {
			isa = PBXCopyFilesBuildPhase;
			buildActionMask = 2147483647;
			dstPath = "";
			dstSubfolderSpec = 13;
			files = (
				CD13A8E3256D78E000D6EC61 /* ChargingAnimation.appex in Embed App Extensions */,
			);
			name = "Embed App Extensions";
			runOnlyForDeploymentPostprocessing = 0;
		};
/* End PBXCopyFilesBuildPhase section */

/* Begin PBXFileReference section */
		030E6CBBE9BED812CF46CEE1 /* libPods-ChargieTests.a */ = {isa = PBXFileReference; explicitFileType = archive.ar; includeInIndex = 0; path = "libPods-ChargieTests.a"; sourceTree = BUILT_PRODUCTS_DIR; };
		129180318E1D886AB8A124CF /* libPods-Chargie.a */ = {isa = PBXFileReference; explicitFileType = archive.ar; includeInIndex = 0; path = "libPods-Chargie.a"; sourceTree = BUILT_PRODUCTS_DIR; };
		18E2FB6B7CACF7C554D3CCF4 /* Pods-Chargie.release.xcconfig */ = {isa = PBXFileReference; includeInIndex = 1; lastKnownFileType = text.xcconfig; name = "Pods-Chargie.release.xcconfig"; path = "Target Support Files/Pods-Chargie/Pods-Chargie.release.xcconfig"; sourceTree = "<group>"; };
		23574B1F830B45EB66F5AE8F /* Pods-ChargeyTests.debug.xcconfig */ = {isa = PBXFileReference; includeInIndex = 1; lastKnownFileType = text.xcconfig; name = "Pods-ChargeyTests.debug.xcconfig"; path = "Target Support Files/Pods-ChargeyTests/Pods-ChargeyTests.debug.xcconfig"; sourceTree = "<group>"; };
		4180792B937A64D74F02BDEC /* Pods-ChargieTests.debug.xcconfig */ = {isa = PBXFileReference; includeInIndex = 1; lastKnownFileType = text.xcconfig; name = "Pods-ChargieTests.debug.xcconfig"; path = "Target Support Files/Pods-ChargieTests/Pods-ChargieTests.debug.xcconfig"; sourceTree = "<group>"; };
		45F1182A1503435C77F28448 /* Pods-ChargieTests.release.xcconfig */ = {isa = PBXFileReference; includeInIndex = 1; lastKnownFileType = text.xcconfig; name = "Pods-ChargieTests.release.xcconfig"; path = "Target Support Files/Pods-ChargieTests/Pods-ChargieTests.release.xcconfig"; sourceTree = "<group>"; };
		4709E1501BA34A36710731EB /* Pods-Chargey.debug.xcconfig */ = {isa = PBXFileReference; includeInIndex = 1; lastKnownFileType = text.xcconfig; name = "Pods-Chargey.debug.xcconfig"; path = "Target Support Files/Pods-Chargey/Pods-Chargey.debug.xcconfig"; sourceTree = "<group>"; };
		4EEF883F819465BB441B1C97 /* Pods-ChargeyTests.release.xcconfig */ = {isa = PBXFileReference; includeInIndex = 1; lastKnownFileType = text.xcconfig; name = "Pods-ChargeyTests.release.xcconfig"; path = "Target Support Files/Pods-ChargeyTests/Pods-ChargeyTests.release.xcconfig"; sourceTree = "<group>"; };
		ACA8C706805C31C630DE3C1B /* Pods-Chargie.debug.xcconfig */ = {isa = PBXFileReference; includeInIndex = 1; lastKnownFileType = text.xcconfig; name = "Pods-Chargie.debug.xcconfig"; path = "Target Support Files/Pods-Chargie/Pods-Chargie.debug.xcconfig"; sourceTree = "<group>"; };
		CD13A86F256D2D6700D6EC61 /* Chargie.app */ = {isa = PBXFileReference; explicitFileType = wrapper.application; includeInIndex = 0; path = Chargie.app; sourceTree = BUILT_PRODUCTS_DIR; };
		CD13A872256D2D6700D6EC61 /* ChargieApp.swift */ = {isa = PBXFileReference; lastKnownFileType = sourcecode.swift; path = ChargieApp.swift; sourceTree = "<group>"; };
		CD13A874256D2D6700D6EC61 /* ContentView.swift */ = {isa = PBXFileReference; lastKnownFileType = sourcecode.swift; path = ContentView.swift; sourceTree = "<group>"; };
		CD13A876256D2D6800D6EC61 /* Assets.xcassets */ = {isa = PBXFileReference; lastKnownFileType = folder.assetcatalog; path = Assets.xcassets; sourceTree = "<group>"; };
		CD13A879256D2D6800D6EC61 /* Preview Assets.xcassets */ = {isa = PBXFileReference; lastKnownFileType = folder.assetcatalog; path = "Preview Assets.xcassets"; sourceTree = "<group>"; };
		CD13A87B256D2D6800D6EC61 /* Info.plist */ = {isa = PBXFileReference; lastKnownFileType = text.plist.xml; path = Info.plist; sourceTree = "<group>"; };
		CD13A880256D2D6800D6EC61 /* ChargieTests.xctest */ = {isa = PBXFileReference; explicitFileType = wrapper.cfbundle; includeInIndex = 0; path = ChargieTests.xctest; sourceTree = BUILT_PRODUCTS_DIR; };
		CD13A884256D2D6800D6EC61 /* ChargeyTests.swift */ = {isa = PBXFileReference; lastKnownFileType = sourcecode.swift; path = ChargeyTests.swift; sourceTree = "<group>"; };
		CD13A886256D2D6800D6EC61 /* Info.plist */ = {isa = PBXFileReference; lastKnownFileType = text.plist.xml; path = Info.plist; sourceTree = "<group>"; };
		CD13A88B256D2D6800D6EC61 /* ChargieUITests.xctest */ = {isa = PBXFileReference; explicitFileType = wrapper.cfbundle; includeInIndex = 0; path = ChargieUITests.xctest; sourceTree = BUILT_PRODUCTS_DIR; };
		CD13A88F256D2D6800D6EC61 /* ChargeyUITests.swift */ = {isa = PBXFileReference; lastKnownFileType = sourcecode.swift; path = ChargeyUITests.swift; sourceTree = "<group>"; };
		CD13A891256D2D6800D6EC61 /* Info.plist */ = {isa = PBXFileReference; lastKnownFileType = text.plist.xml; path = Info.plist; sourceTree = "<group>"; };
		CD13A8AD256D63D500D6EC61 /* Store.swift */ = {isa = PBXFileReference; lastKnownFileType = sourcecode.swift; path = Store.swift; sourceTree = "<group>"; };
		CD13A8B2256D648600D6EC61 /* AppModel.swift */ = {isa = PBXFileReference; lastKnownFileType = sourcecode.swift; path = AppModel.swift; sourceTree = "<group>"; };
		CD13A8BB256D65FE00D6EC61 /* ChargiePack.swift */ = {isa = PBXFileReference; lastKnownFileType = sourcecode.swift; path = ChargiePack.swift; sourceTree = "<group>"; };
		CD13A8C0256D690000D6EC61 /* ChargiePackList.swift */ = {isa = PBXFileReference; lastKnownFileType = sourcecode.swift; path = ChargiePackList.swift; sourceTree = "<group>"; };
		CD13A8DC256D78E000D6EC61 /* ChargingAnimation.appex */ = {isa = PBXFileReference; explicitFileType = "wrapper.app-extension"; includeInIndex = 0; path = ChargingAnimation.appex; sourceTree = BUILT_PRODUCTS_DIR; };
		CD13A8DE256D78E000D6EC61 /* IntentHandler.swift */ = {isa = PBXFileReference; lastKnownFileType = sourcecode.swift; path = IntentHandler.swift; sourceTree = "<group>"; };
		CD13A8E0256D78E000D6EC61 /* Info.plist */ = {isa = PBXFileReference; lastKnownFileType = text.plist.xml; path = Info.plist; sourceTree = "<group>"; };
		CD13A90F256D7EA400D6EC61 /* ChargingAnimation.entitlements */ = {isa = PBXFileReference; lastKnownFileType = text.plist.entitlements; path = ChargingAnimation.entitlements; sourceTree = "<group>"; };
		CD13A923256D7F4800D6EC61 /* Intents.intentdefinition */ = {isa = PBXFileReference; lastKnownFileType = file.intentdefinition; path = Intents.intentdefinition; sourceTree = "<group>"; };
		CD13A932256D807A00D6EC61 /* AnimationIntentHandler.swift */ = {isa = PBXFileReference; lastKnownFileType = sourcecode.swift; path = AnimationIntentHandler.swift; sourceTree = "<group>"; };
		CD13A956256D902B00D6EC61 /* NSUserActivity+IntentData.swift */ = {isa = PBXFileReference; lastKnownFileType = sourcecode.swift; path = "NSUserActivity+IntentData.swift"; sourceTree = "<group>"; };
		CD13A9C9256DEE9E00D6EC61 /* LottieView.swift */ = {isa = PBXFileReference; lastKnownFileType = sourcecode.swift; path = LottieView.swift; sourceTree = "<group>"; };
		CD13A9FB256E3FAE00D6EC61 /* 36318-cat-preloader.json */ = {isa = PBXFileReference; fileEncoding = 4; lastKnownFileType = text.json; path = "36318-cat-preloader.json"; sourceTree = "<group>"; };
		CD49F24F256E78F200C9B274 /* 9678-colorfull-loading.json */ = {isa = PBXFileReference; fileEncoding = 4; lastKnownFileType = text.json; path = "9678-colorfull-loading.json"; sourceTree = "<group>"; };
		CD49F259256E7B6900C9B274 /* ChargieView.swift */ = {isa = PBXFileReference; lastKnownFileType = sourcecode.swift; path = ChargieView.swift; sourceTree = "<group>"; };
		CD49F26B256E8CE600C9B274 /* MenuView.swift */ = {isa = PBXFileReference; lastKnownFileType = sourcecode.swift; path = MenuView.swift; sourceTree = "<group>"; };
		CD49F2B2256ECC6200C9B274 /* Chargie.entitlements */ = {isa = PBXFileReference; fileEncoding = 4; lastKnownFileType = text.plist.entitlements; path = Chargie.entitlements; sourceTree = "<group>"; };
		CDFAEC3E8C13ED1002011BFC /* Pods-Chargey.release.xcconfig */ = {isa = PBXFileReference; includeInIndex = 1; lastKnownFileType = text.xcconfig; name = "Pods-Chargey.release.xcconfig"; path = "Target Support Files/Pods-Chargey/Pods-Chargey.release.xcconfig"; sourceTree = "<group>"; };
/* End PBXFileReference section */

/* Begin PBXFrameworksBuildPhase section */
		CD13A86C256D2D6700D6EC61 /* Frameworks */ = {
			isa = PBXFrameworksBuildPhase;
			buildActionMask = 2147483647;
			files = (
				70CD85F1EB43E7EAF585D761 /* libPods-Chargie.a in Frameworks */,
				CD49F281256EA4C900C9B274 /* Lottie in Frameworks */,
			);
			runOnlyForDeploymentPostprocessing = 0;
		};
		CD13A87D256D2D6800D6EC61 /* Frameworks */ = {
			isa = PBXFrameworksBuildPhase;
			buildActionMask = 2147483647;
			files = (
				0E9614BF998E940AE96C6190 /* libPods-ChargieTests.a in Frameworks */,
			);
			runOnlyForDeploymentPostprocessing = 0;
		};
		CD13A888256D2D6800D6EC61 /* Frameworks */ = {
			isa = PBXFrameworksBuildPhase;
			buildActionMask = 2147483647;
			files = (
			);
			runOnlyForDeploymentPostprocessing = 0;
		};
		CD13A8D9256D78E000D6EC61 /* Frameworks */ = {
			isa = PBXFrameworksBuildPhase;
			buildActionMask = 2147483647;
			files = (
			);
			runOnlyForDeploymentPostprocessing = 0;
		};
/* End PBXFrameworksBuildPhase section */

/* Begin PBXGroup section */
		2555CCBAEC9E8596F4450BDE /* Pods */ = {
			isa = PBXGroup;
			children = (
				4709E1501BA34A36710731EB /* Pods-Chargey.debug.xcconfig */,
				CDFAEC3E8C13ED1002011BFC /* Pods-Chargey.release.xcconfig */,
				23574B1F830B45EB66F5AE8F /* Pods-ChargeyTests.debug.xcconfig */,
				4EEF883F819465BB441B1C97 /* Pods-ChargeyTests.release.xcconfig */,
				ACA8C706805C31C630DE3C1B /* Pods-Chargie.debug.xcconfig */,
				18E2FB6B7CACF7C554D3CCF4 /* Pods-Chargie.release.xcconfig */,
				4180792B937A64D74F02BDEC /* Pods-ChargieTests.debug.xcconfig */,
				45F1182A1503435C77F28448 /* Pods-ChargieTests.release.xcconfig */,
			);
			path = Pods;
			sourceTree = "<group>";
		};
		572BC763C47AF2F856F8C820 /* Frameworks */ = {
			isa = PBXGroup;
			children = (
				129180318E1D886AB8A124CF /* libPods-Chargie.a */,
				030E6CBBE9BED812CF46CEE1 /* libPods-ChargieTests.a */,
			);
			name = Frameworks;
			sourceTree = "<group>";
		};
		CD13A866256D2D6700D6EC61 = {
			isa = PBXGroup;
			children = (
				CD13A922256D7F2E00D6EC61 /* Shared */,
				CD13A90F256D7EA400D6EC61 /* ChargingAnimation.entitlements */,
				CD13A871256D2D6700D6EC61 /* Chargie */,
				CD13A8DD256D78E000D6EC61 /* ChargingAnimation */,
				CD13A883256D2D6800D6EC61 /* ChargieTests */,
				CD13A88E256D2D6800D6EC61 /* ChargieUITests */,
				CD13A870256D2D6700D6EC61 /* Products */,
				2555CCBAEC9E8596F4450BDE /* Pods */,
				572BC763C47AF2F856F8C820 /* Frameworks */,
			);
			sourceTree = "<group>";
		};
		CD13A870256D2D6700D6EC61 /* Products */ = {
			isa = PBXGroup;
			children = (
				CD13A86F256D2D6700D6EC61 /* Chargie.app */,
				CD13A880256D2D6800D6EC61 /* ChargieTests.xctest */,
				CD13A88B256D2D6800D6EC61 /* ChargieUITests.xctest */,
				CD13A8DC256D78E000D6EC61 /* ChargingAnimation.appex */,
			);
			name = Products;
			sourceTree = "<group>";
		};
		CD13A871256D2D6700D6EC61 /* Chargie */ = {
			isa = PBXGroup;
			children = (
				CD13A9FB256E3FAE00D6EC61 /* 36318-cat-preloader.json */,
				CD49F24F256E78F200C9B274 /* 9678-colorfull-loading.json */,
				CD13A8AC256D63BF00D6EC61 /* Model */,
				CD13A8BA256D65EE00D6EC61 /* ChargiePack */,
				CD13A9C8256DEE7D00D6EC61 /* Support */,
				CD49F259256E7B6900C9B274 /* ChargieView.swift */,
				CD13A874256D2D6700D6EC61 /* ContentView.swift */,
				CD49F26B256E8CE600C9B274 /* MenuView.swift */,
				CD13A872256D2D6700D6EC61 /* ChargieApp.swift */,
				CD13A876256D2D6800D6EC61 /* Assets.xcassets */,
				CD13A87B256D2D6800D6EC61 /* Info.plist */,
				CD49F2B2256ECC6200C9B274 /* Chargie.entitlements */,
				CD13A878256D2D6800D6EC61 /* Preview Content */,
			);
			path = Chargie;
			sourceTree = "<group>";
		};
		CD13A878256D2D6800D6EC61 /* Preview Content */ = {
			isa = PBXGroup;
			children = (
				CD13A879256D2D6800D6EC61 /* Preview Assets.xcassets */,
			);
			path = "Preview Content";
			sourceTree = "<group>";
		};
		CD13A883256D2D6800D6EC61 /* ChargieTests */ = {
			isa = PBXGroup;
			children = (
				CD13A884256D2D6800D6EC61 /* ChargeyTests.swift */,
				CD13A886256D2D6800D6EC61 /* Info.plist */,
			);
			path = ChargieTests;
			sourceTree = "<group>";
		};
		CD13A88E256D2D6800D6EC61 /* ChargieUITests */ = {
			isa = PBXGroup;
			children = (
				CD13A88F256D2D6800D6EC61 /* ChargeyUITests.swift */,
				CD13A891256D2D6800D6EC61 /* Info.plist */,
			);
			path = ChargieUITests;
			sourceTree = "<group>";
		};
		CD13A8AC256D63BF00D6EC61 /* Model */ = {
			isa = PBXGroup;
			children = (
				CD13A8B2256D648600D6EC61 /* AppModel.swift */,
				CD13A8AD256D63D500D6EC61 /* Store.swift */,
			);
			path = Model;
			sourceTree = "<group>";
		};
		CD13A8BA256D65EE00D6EC61 /* ChargiePack */ = {
			isa = PBXGroup;
			children = (
				CD13A8BB256D65FE00D6EC61 /* ChargiePack.swift */,
				CD13A8C0256D690000D6EC61 /* ChargiePackList.swift */,
			);
			path = ChargiePack;
			sourceTree = "<group>";
		};
		CD13A8DD256D78E000D6EC61 /* ChargingAnimation */ = {
			isa = PBXGroup;
			children = (
				CD13A8DE256D78E000D6EC61 /* IntentHandler.swift */,
				CD13A932256D807A00D6EC61 /* AnimationIntentHandler.swift */,
				CD13A8E0256D78E000D6EC61 /* Info.plist */,
			);
			path = ChargingAnimation;
			sourceTree = "<group>";
		};
		CD13A922256D7F2E00D6EC61 /* Shared */ = {
			isa = PBXGroup;
			children = (
				CD13A955256D901400D6EC61 /* Support */,
				CD13A923256D7F4800D6EC61 /* Intents.intentdefinition */,
			);
			path = Shared;
			sourceTree = "<group>";
		};
		CD13A955256D901400D6EC61 /* Support */ = {
			isa = PBXGroup;
			children = (
				CD13A956256D902B00D6EC61 /* NSUserActivity+IntentData.swift */,
			);
			path = Support;
			sourceTree = "<group>";
		};
		CD13A9C8256DEE7D00D6EC61 /* Support */ = {
			isa = PBXGroup;
			children = (
				CD13A9C9256DEE9E00D6EC61 /* LottieView.swift */,
			);
			path = Support;
			sourceTree = "<group>";
		};
/* End PBXGroup section */

/* Begin PBXNativeTarget section */
		CD13A86E256D2D6700D6EC61 /* Chargie */ = {
			isa = PBXNativeTarget;
			buildConfigurationList = CD13A894256D2D6800D6EC61 /* Build configuration list for PBXNativeTarget "Chargie" */;
			buildPhases = (
				12CBE55FBA0F250E9D64A92F /* [CP] Check Pods Manifest.lock */,
				CD13A86B256D2D6700D6EC61 /* Sources */,
				CD13A86C256D2D6700D6EC61 /* Frameworks */,
				CD13A86D256D2D6700D6EC61 /* Resources */,
				CD13A8E7256D78E000D6EC61 /* Embed App Extensions */,
			);
			buildRules = (
			);
			dependencies = (
				CD13A8E2256D78E000D6EC61 /* PBXTargetDependency */,
			);
			name = Chargie;
			packageProductDependencies = (
				CD49F280256EA4C900C9B274 /* Lottie */,
			);
			productName = Chargey;
			productReference = CD13A86F256D2D6700D6EC61 /* Chargie.app */;
			productType = "com.apple.product-type.application";
		};
		CD13A87F256D2D6800D6EC61 /* ChargieTests */ = {
			isa = PBXNativeTarget;
			buildConfigurationList = CD13A897256D2D6800D6EC61 /* Build configuration list for PBXNativeTarget "ChargieTests" */;
			buildPhases = (
				18147F101A16AA1FAC1569F3 /* [CP] Check Pods Manifest.lock */,
				CD13A87C256D2D6800D6EC61 /* Sources */,
				CD13A87D256D2D6800D6EC61 /* Frameworks */,
				CD13A87E256D2D6800D6EC61 /* Resources */,
			);
			buildRules = (
			);
			dependencies = (
				CD13A882256D2D6800D6EC61 /* PBXTargetDependency */,
			);
			name = ChargieTests;
			productName = ChargeyTests;
			productReference = CD13A880256D2D6800D6EC61 /* ChargieTests.xctest */;
			productType = "com.apple.product-type.bundle.unit-test";
		};
		CD13A88A256D2D6800D6EC61 /* ChargieUITests */ = {
			isa = PBXNativeTarget;
			buildConfigurationList = CD13A89A256D2D6800D6EC61 /* Build configuration list for PBXNativeTarget "ChargieUITests" */;
			buildPhases = (
				CD13A887256D2D6800D6EC61 /* Sources */,
				CD13A888256D2D6800D6EC61 /* Frameworks */,
				CD13A889256D2D6800D6EC61 /* Resources */,
			);
			buildRules = (
			);
			dependencies = (
				CD13A88D256D2D6800D6EC61 /* PBXTargetDependency */,
			);
			name = ChargieUITests;
			productName = ChargeyUITests;
			productReference = CD13A88B256D2D6800D6EC61 /* ChargieUITests.xctest */;
			productType = "com.apple.product-type.bundle.ui-testing";
		};
		CD13A8DB256D78E000D6EC61 /* ChargingAnimation */ = {
			isa = PBXNativeTarget;
			buildConfigurationList = CD13A8E4256D78E000D6EC61 /* Build configuration list for PBXNativeTarget "ChargingAnimation" */;
			buildPhases = (
				CD13A8D8256D78E000D6EC61 /* Sources */,
				CD13A8D9256D78E000D6EC61 /* Frameworks */,
				CD13A8DA256D78E000D6EC61 /* Resources */,
			);
			buildRules = (
			);
			dependencies = (
			);
			name = ChargingAnimation;
			productName = Animation;
			productReference = CD13A8DC256D78E000D6EC61 /* ChargingAnimation.appex */;
			productType = "com.apple.product-type.app-extension";
		};
/* End PBXNativeTarget section */

/* Begin PBXProject section */
		CD13A867256D2D6700D6EC61 /* Project object */ = {
			isa = PBXProject;
			attributes = {
				LastSwiftUpdateCheck = 1200;
				LastUpgradeCheck = 1200;
				TargetAttributes = {
					CD13A86E256D2D6700D6EC61 = {
						CreatedOnToolsVersion = 12.0;
					};
					CD13A87F256D2D6800D6EC61 = {
						CreatedOnToolsVersion = 12.0;
						TestTargetID = CD13A86E256D2D6700D6EC61;
					};
					CD13A88A256D2D6800D6EC61 = {
						CreatedOnToolsVersion = 12.0;
						TestTargetID = CD13A86E256D2D6700D6EC61;
					};
					CD13A8DB256D78E000D6EC61 = {
						CreatedOnToolsVersion = 12.0;
					};
				};
			};
			buildConfigurationList = CD13A86A256D2D6700D6EC61 /* Build configuration list for PBXProject "Chargie" */;
			compatibilityVersion = "Xcode 9.3";
			developmentRegion = en;
			hasScannedForEncodings = 0;
			knownRegions = (
				en,
				Base,
			);
			mainGroup = CD13A866256D2D6700D6EC61;
			packageReferences = (
				CD49F27F256EA4C900C9B274 /* XCRemoteSwiftPackageReference "lottie-ios" */,
			);
			productRefGroup = CD13A870256D2D6700D6EC61 /* Products */;
			projectDirPath = "";
			projectRoot = "";
			targets = (
				CD13A86E256D2D6700D6EC61 /* Chargie */,
				CD13A8DB256D78E000D6EC61 /* ChargingAnimation */,
				CD13A87F256D2D6800D6EC61 /* ChargieTests */,
				CD13A88A256D2D6800D6EC61 /* ChargieUITests */,
			);
		};
/* End PBXProject section */

/* Begin PBXResourcesBuildPhase section */
		CD13A86D256D2D6700D6EC61 /* Resources */ = {
			isa = PBXResourcesBuildPhase;
			buildActionMask = 2147483647;
			files = (
				CD13A87A256D2D6800D6EC61 /* Preview Assets.xcassets in Resources */,
				CD49F250256E78F200C9B274 /* 9678-colorfull-loading.json in Resources */,
				CD13A9FC256E3FAE00D6EC61 /* 36318-cat-preloader.json in Resources */,
				CD13A877256D2D6800D6EC61 /* Assets.xcassets in Resources */,
			);
			runOnlyForDeploymentPostprocessing = 0;
		};
		CD13A87E256D2D6800D6EC61 /* Resources */ = {
			isa = PBXResourcesBuildPhase;
			buildActionMask = 2147483647;
			files = (
			);
			runOnlyForDeploymentPostprocessing = 0;
		};
		CD13A889256D2D6800D6EC61 /* Resources */ = {
			isa = PBXResourcesBuildPhase;
			buildActionMask = 2147483647;
			files = (
			);
			runOnlyForDeploymentPostprocessing = 0;
		};
		CD13A8DA256D78E000D6EC61 /* Resources */ = {
			isa = PBXResourcesBuildPhase;
			buildActionMask = 2147483647;
			files = (
				CD13A9FD256E3FAE00D6EC61 /* 36318-cat-preloader.json in Resources */,
			);
			runOnlyForDeploymentPostprocessing = 0;
		};
/* End PBXResourcesBuildPhase section */

/* Begin PBXShellScriptBuildPhase section */
		12CBE55FBA0F250E9D64A92F /* [CP] Check Pods Manifest.lock */ = {
			isa = PBXShellScriptBuildPhase;
			buildActionMask = 2147483647;
			files = (
			);
			inputFileListPaths = (
			);
			inputPaths = (
				"${PODS_PODFILE_DIR_PATH}/Podfile.lock",
				"${PODS_ROOT}/Manifest.lock",
			);
			name = "[CP] Check Pods Manifest.lock";
			outputFileListPaths = (
			);
			outputPaths = (
				"$(DERIVED_FILE_DIR)/Pods-Chargie-checkManifestLockResult.txt",
			);
			runOnlyForDeploymentPostprocessing = 0;
			shellPath = /bin/sh;
			shellScript = "diff \"${PODS_PODFILE_DIR_PATH}/Podfile.lock\" \"${PODS_ROOT}/Manifest.lock\" > /dev/null\nif [ $? != 0 ] ; then\n    # print error to STDERR\n    echo \"error: The sandbox is not in sync with the Podfile.lock. Run 'pod install' or update your CocoaPods installation.\" >&2\n    exit 1\nfi\n# This output is used by Xcode 'outputs' to avoid re-running this script phase.\necho \"SUCCESS\" > \"${SCRIPT_OUTPUT_FILE_0}\"\n";
			showEnvVarsInLog = 0;
		};
		18147F101A16AA1FAC1569F3 /* [CP] Check Pods Manifest.lock */ = {
			isa = PBXShellScriptBuildPhase;
			buildActionMask = 2147483647;
			files = (
			);
			inputFileListPaths = (
			);
			inputPaths = (
				"${PODS_PODFILE_DIR_PATH}/Podfile.lock",
				"${PODS_ROOT}/Manifest.lock",
			);
			name = "[CP] Check Pods Manifest.lock";
			outputFileListPaths = (
			);
			outputPaths = (
				"$(DERIVED_FILE_DIR)/Pods-ChargieTests-checkManifestLockResult.txt",
			);
			runOnlyForDeploymentPostprocessing = 0;
			shellPath = /bin/sh;
			shellScript = "diff \"${PODS_PODFILE_DIR_PATH}/Podfile.lock\" \"${PODS_ROOT}/Manifest.lock\" > /dev/null\nif [ $? != 0 ] ; then\n    # print error to STDERR\n    echo \"error: The sandbox is not in sync with the Podfile.lock. Run 'pod install' or update your CocoaPods installation.\" >&2\n    exit 1\nfi\n# This output is used by Xcode 'outputs' to avoid re-running this script phase.\necho \"SUCCESS\" > \"${SCRIPT_OUTPUT_FILE_0}\"\n";
			showEnvVarsInLog = 0;
		};
/* End PBXShellScriptBuildPhase section */

/* Begin PBXSourcesBuildPhase section */
		CD13A86B256D2D6700D6EC61 /* Sources */ = {
			isa = PBXSourcesBuildPhase;
			buildActionMask = 2147483647;
			files = (
				CD49F25A256E7B6900C9B274 /* ChargieView.swift in Sources */,
				CD13A924256D7F4800D6EC61 /* Intents.intentdefinition in Sources */,
				CD13A8C1256D690000D6EC61 /* ChargiePackList.swift in Sources */,
				CD13A9CA256DEE9E00D6EC61 /* LottieView.swift in Sources */,
				CD13A957256D902B00D6EC61 /* NSUserActivity+IntentData.swift in Sources */,
				CD13A8BC256D65FE00D6EC61 /* ChargiePack.swift in Sources */,
				CD13A8AE256D63D500D6EC61 /* Store.swift in Sources */,
				CD49F26C256E8CE600C9B274 /* MenuView.swift in Sources */,
				CD13A875256D2D6700D6EC61 /* ContentView.swift in Sources */,
				CD13A873256D2D6700D6EC61 /* ChargieApp.swift in Sources */,
				CD13A8B3256D648600D6EC61 /* AppModel.swift in Sources */,
			);
			runOnlyForDeploymentPostprocessing = 0;
		};
		CD13A87C256D2D6800D6EC61 /* Sources */ = {
			isa = PBXSourcesBuildPhase;
			buildActionMask = 2147483647;
			files = (
				CD13A885256D2D6800D6EC61 /* ChargeyTests.swift in Sources */,
			);
			runOnlyForDeploymentPostprocessing = 0;
		};
		CD13A887256D2D6800D6EC61 /* Sources */ = {
			isa = PBXSourcesBuildPhase;
			buildActionMask = 2147483647;
			files = (
				CD13A890256D2D6800D6EC61 /* ChargeyUITests.swift in Sources */,
			);
			runOnlyForDeploymentPostprocessing = 0;
		};
		CD13A8D8256D78E000D6EC61 /* Sources */ = {
			isa = PBXSourcesBuildPhase;
			buildActionMask = 2147483647;
			files = (
				CD13A934256D807A00D6EC61 /* AnimationIntentHandler.swift in Sources */,
				CD13A925256D7F4800D6EC61 /* Intents.intentdefinition in Sources */,
				CD13A958256D902B00D6EC61 /* NSUserActivity+IntentData.swift in Sources */,
				CD13A8DF256D78E000D6EC61 /* IntentHandler.swift in Sources */,
			);
			runOnlyForDeploymentPostprocessing = 0;
		};
/* End PBXSourcesBuildPhase section */

/* Begin PBXTargetDependency section */
		CD13A882256D2D6800D6EC61 /* PBXTargetDependency */ = {
			isa = PBXTargetDependency;
			target = CD13A86E256D2D6700D6EC61 /* Chargie */;
			targetProxy = CD13A881256D2D6800D6EC61 /* PBXContainerItemProxy */;
		};
		CD13A88D256D2D6800D6EC61 /* PBXTargetDependency */ = {
			isa = PBXTargetDependency;
			target = CD13A86E256D2D6700D6EC61 /* Chargie */;
			targetProxy = CD13A88C256D2D6800D6EC61 /* PBXContainerItemProxy */;
		};
		CD13A8E2256D78E000D6EC61 /* PBXTargetDependency */ = {
			isa = PBXTargetDependency;
			target = CD13A8DB256D78E000D6EC61 /* ChargingAnimation */;
			targetProxy = CD13A8E1256D78E000D6EC61 /* PBXContainerItemProxy */;
		};
/* End PBXTargetDependency section */

/* Begin XCBuildConfiguration section */
		CD13A892256D2D6800D6EC61 /* Debug */ = {
			isa = XCBuildConfiguration;
			buildSettings = {
				ALWAYS_SEARCH_USER_PATHS = NO;
				CLANG_ANALYZER_NONNULL = YES;
				CLANG_ANALYZER_NUMBER_OBJECT_CONVERSION = YES_AGGRESSIVE;
				CLANG_CXX_LANGUAGE_STANDARD = "gnu++14";
				CLANG_CXX_LIBRARY = "libc++";
				CLANG_ENABLE_MODULES = YES;
				CLANG_ENABLE_OBJC_ARC = YES;
				CLANG_ENABLE_OBJC_WEAK = YES;
				CLANG_WARN_BLOCK_CAPTURE_AUTORELEASING = YES;
				CLANG_WARN_BOOL_CONVERSION = YES;
				CLANG_WARN_COMMA = YES;
				CLANG_WARN_CONSTANT_CONVERSION = YES;
				CLANG_WARN_DEPRECATED_OBJC_IMPLEMENTATIONS = YES;
				CLANG_WARN_DIRECT_OBJC_ISA_USAGE = YES_ERROR;
				CLANG_WARN_DOCUMENTATION_COMMENTS = YES;
				CLANG_WARN_EMPTY_BODY = YES;
				CLANG_WARN_ENUM_CONVERSION = YES;
				CLANG_WARN_INFINITE_RECURSION = YES;
				CLANG_WARN_INT_CONVERSION = YES;
				CLANG_WARN_NON_LITERAL_NULL_CONVERSION = YES;
				CLANG_WARN_OBJC_IMPLICIT_RETAIN_SELF = YES;
				CLANG_WARN_OBJC_LITERAL_CONVERSION = YES;
				CLANG_WARN_OBJC_ROOT_CLASS = YES_ERROR;
				CLANG_WARN_QUOTED_INCLUDE_IN_FRAMEWORK_HEADER = YES;
				CLANG_WARN_RANGE_LOOP_ANALYSIS = YES;
				CLANG_WARN_STRICT_PROTOTYPES = YES;
				CLANG_WARN_SUSPICIOUS_MOVE = YES;
				CLANG_WARN_UNGUARDED_AVAILABILITY = YES_AGGRESSIVE;
				CLANG_WARN_UNREACHABLE_CODE = YES;
				CLANG_WARN__DUPLICATE_METHOD_MATCH = YES;
				COPY_PHASE_STRIP = NO;
				DEBUG_INFORMATION_FORMAT = dwarf;
				ENABLE_STRICT_OBJC_MSGSEND = YES;
				ENABLE_TESTABILITY = YES;
				GCC_C_LANGUAGE_STANDARD = gnu11;
				GCC_DYNAMIC_NO_PIC = NO;
				GCC_NO_COMMON_BLOCKS = YES;
				GCC_OPTIMIZATION_LEVEL = 0;
				GCC_PREPROCESSOR_DEFINITIONS = (
					"DEBUG=1",
					"$(inherited)",
				);
				GCC_WARN_64_TO_32_BIT_CONVERSION = YES;
				GCC_WARN_ABOUT_RETURN_TYPE = YES_ERROR;
				GCC_WARN_UNDECLARED_SELECTOR = YES;
				GCC_WARN_UNINITIALIZED_AUTOS = YES_AGGRESSIVE;
				GCC_WARN_UNUSED_FUNCTION = YES;
				GCC_WARN_UNUSED_VARIABLE = YES;
				IPHONEOS_DEPLOYMENT_TARGET = 14.0;
				MTL_ENABLE_DEBUG_INFO = INCLUDE_SOURCE;
				MTL_FAST_MATH = YES;
				ONLY_ACTIVE_ARCH = YES;
				SDKROOT = iphoneos;
				SWIFT_ACTIVE_COMPILATION_CONDITIONS = DEBUG;
				SWIFT_OPTIMIZATION_LEVEL = "-Onone";
			};
			name = Debug;
		};
		CD13A893256D2D6800D6EC61 /* Release */ = {
			isa = XCBuildConfiguration;
			buildSettings = {
				ALWAYS_SEARCH_USER_PATHS = NO;
				CLANG_ANALYZER_NONNULL = YES;
				CLANG_ANALYZER_NUMBER_OBJECT_CONVERSION = YES_AGGRESSIVE;
				CLANG_CXX_LANGUAGE_STANDARD = "gnu++14";
				CLANG_CXX_LIBRARY = "libc++";
				CLANG_ENABLE_MODULES = YES;
				CLANG_ENABLE_OBJC_ARC = YES;
				CLANG_ENABLE_OBJC_WEAK = YES;
				CLANG_WARN_BLOCK_CAPTURE_AUTORELEASING = YES;
				CLANG_WARN_BOOL_CONVERSION = YES;
				CLANG_WARN_COMMA = YES;
				CLANG_WARN_CONSTANT_CONVERSION = YES;
				CLANG_WARN_DEPRECATED_OBJC_IMPLEMENTATIONS = YES;
				CLANG_WARN_DIRECT_OBJC_ISA_USAGE = YES_ERROR;
				CLANG_WARN_DOCUMENTATION_COMMENTS = YES;
				CLANG_WARN_EMPTY_BODY = YES;
				CLANG_WARN_ENUM_CONVERSION = YES;
				CLANG_WARN_INFINITE_RECURSION = YES;
				CLANG_WARN_INT_CONVERSION = YES;
				CLANG_WARN_NON_LITERAL_NULL_CONVERSION = YES;
				CLANG_WARN_OBJC_IMPLICIT_RETAIN_SELF = YES;
				CLANG_WARN_OBJC_LITERAL_CONVERSION = YES;
				CLANG_WARN_OBJC_ROOT_CLASS = YES_ERROR;
				CLANG_WARN_QUOTED_INCLUDE_IN_FRAMEWORK_HEADER = YES;
				CLANG_WARN_RANGE_LOOP_ANALYSIS = YES;
				CLANG_WARN_STRICT_PROTOTYPES = YES;
				CLANG_WARN_SUSPICIOUS_MOVE = YES;
				CLANG_WARN_UNGUARDED_AVAILABILITY = YES_AGGRESSIVE;
				CLANG_WARN_UNREACHABLE_CODE = YES;
				CLANG_WARN__DUPLICATE_METHOD_MATCH = YES;
				COPY_PHASE_STRIP = NO;
				DEBUG_INFORMATION_FORMAT = "dwarf-with-dsym";
				ENABLE_NS_ASSERTIONS = NO;
				ENABLE_STRICT_OBJC_MSGSEND = YES;
				GCC_C_LANGUAGE_STANDARD = gnu11;
				GCC_NO_COMMON_BLOCKS = YES;
				GCC_WARN_64_TO_32_BIT_CONVERSION = YES;
				GCC_WARN_ABOUT_RETURN_TYPE = YES_ERROR;
				GCC_WARN_UNDECLARED_SELECTOR = YES;
				GCC_WARN_UNINITIALIZED_AUTOS = YES_AGGRESSIVE;
				GCC_WARN_UNUSED_FUNCTION = YES;
				GCC_WARN_UNUSED_VARIABLE = YES;
				IPHONEOS_DEPLOYMENT_TARGET = 14.0;
				MTL_ENABLE_DEBUG_INFO = NO;
				MTL_FAST_MATH = YES;
				SDKROOT = iphoneos;
				SWIFT_COMPILATION_MODE = wholemodule;
				SWIFT_OPTIMIZATION_LEVEL = "-O";
				VALIDATE_PRODUCT = YES;
			};
			name = Release;
		};
		CD13A895256D2D6800D6EC61 /* Debug */ = {
			isa = XCBuildConfiguration;
			baseConfigurationReference = ACA8C706805C31C630DE3C1B /* Pods-Chargie.debug.xcconfig */;
			buildSettings = {
				ALWAYS_EMBED_SWIFT_STANDARD_LIBRARIES = YES;
				ASSETCATALOG_COMPILER_APPICON_NAME = AppIcon;
				ASSETCATALOG_COMPILER_GLOBAL_ACCENT_COLOR_NAME = AccentColor;
				CODE_SIGN_ENTITLEMENTS = Chargie/Chargie.entitlements;
				CODE_SIGN_IDENTITY = "iPhone Developer";
				CODE_SIGN_STYLE = Manual;
				DEVELOPMENT_ASSET_PATHS = "\"Chargie/Preview Content\"";
				DEVELOPMENT_TEAM = 982NC82DH4;
				ENABLE_PREVIEWS = YES;
				INFOPLIST_FILE = Chargie/Info.plist;
				IPHONEOS_DEPLOYMENT_TARGET = 14.0;
				LD_RUNPATH_SEARCH_PATHS = (
					"$(inherited)",
					"@executable_path/Frameworks",
				);
				PRODUCT_BUNDLE_IDENTIFIER = app.chargie;
				PRODUCT_NAME = "$(TARGET_NAME)";
				PROVISIONING_PROFILE_SPECIFIER = "Chargie Dev";
				SWIFT_VERSION = 5.0;
				TARGETED_DEVICE_FAMILY = 1;
			};
			name = Debug;
		};
		CD13A896256D2D6800D6EC61 /* Release */ = {
			isa = XCBuildConfiguration;
			baseConfigurationReference = 18E2FB6B7CACF7C554D3CCF4 /* Pods-Chargie.release.xcconfig */;
			buildSettings = {
				ALWAYS_EMBED_SWIFT_STANDARD_LIBRARIES = YES;
				ASSETCATALOG_COMPILER_APPICON_NAME = AppIcon;
				ASSETCATALOG_COMPILER_GLOBAL_ACCENT_COLOR_NAME = AccentColor;
				CODE_SIGN_ENTITLEMENTS = Chargie/Chargie.entitlements;
				CODE_SIGN_IDENTITY = "iPhone Developer";
				CODE_SIGN_STYLE = Manual;
				DEVELOPMENT_ASSET_PATHS = "\"Chargie/Preview Content\"";
				DEVELOPMENT_TEAM = 982NC82DH4;
				ENABLE_PREVIEWS = YES;
				INFOPLIST_FILE = Chargie/Info.plist;
				IPHONEOS_DEPLOYMENT_TARGET = 14.0;
				LD_RUNPATH_SEARCH_PATHS = (
					"$(inherited)",
					"@executable_path/Frameworks",
				);
				PRODUCT_BUNDLE_IDENTIFIER = app.chargie;
				PRODUCT_NAME = "$(TARGET_NAME)";
				PROVISIONING_PROFILE_SPECIFIER = "Chargie Dev";
				SWIFT_VERSION = 5.0;
				TARGETED_DEVICE_FAMILY = 1;
			};
			name = Release;
		};
		CD13A898256D2D6800D6EC61 /* Debug */ = {
			isa = XCBuildConfiguration;
			baseConfigurationReference = 4180792B937A64D74F02BDEC /* Pods-ChargieTests.debug.xcconfig */;
			buildSettings = {
				ALWAYS_EMBED_SWIFT_STANDARD_LIBRARIES = YES;
				BUNDLE_LOADER = "$(TEST_HOST)";
				CODE_SIGN_STYLE = Automatic;
				DEVELOPMENT_TEAM = NY4WQPDWDV;
				INFOPLIST_FILE = ChargeyTests/Info.plist;
				IPHONEOS_DEPLOYMENT_TARGET = 14.0;
				LD_RUNPATH_SEARCH_PATHS = (
					"$(inherited)",
					"@executable_path/Frameworks",
					"@loader_path/Frameworks",
				);
				PRODUCT_BUNDLE_IDENTIFIER = com.brainflash.ChargeyTests;
				PRODUCT_NAME = "$(TARGET_NAME)";
				SWIFT_VERSION = 5.0;
				TARGETED_DEVICE_FAMILY = "1,2";
				TEST_HOST = "$(BUILT_PRODUCTS_DIR)/Chargie.app/Chargie";
			};
			name = Debug;
		};
		CD13A899256D2D6800D6EC61 /* Release */ = {
			isa = XCBuildConfiguration;
			baseConfigurationReference = 45F1182A1503435C77F28448 /* Pods-ChargieTests.release.xcconfig */;
			buildSettings = {
				ALWAYS_EMBED_SWIFT_STANDARD_LIBRARIES = YES;
				BUNDLE_LOADER = "$(TEST_HOST)";
				CODE_SIGN_STYLE = Automatic;
				DEVELOPMENT_TEAM = NY4WQPDWDV;
				INFOPLIST_FILE = ChargeyTests/Info.plist;
				IPHONEOS_DEPLOYMENT_TARGET = 14.0;
				LD_RUNPATH_SEARCH_PATHS = (
					"$(inherited)",
					"@executable_path/Frameworks",
					"@loader_path/Frameworks",
				);
				PRODUCT_BUNDLE_IDENTIFIER = com.brainflash.ChargeyTests;
				PRODUCT_NAME = "$(TARGET_NAME)";
				SWIFT_VERSION = 5.0;
				TARGETED_DEVICE_FAMILY = "1,2";
				TEST_HOST = "$(BUILT_PRODUCTS_DIR)/Chargie.app/Chargie";
			};
			name = Release;
		};
		CD13A89B256D2D6800D6EC61 /* Debug */ = {
			isa = XCBuildConfiguration;
			buildSettings = {
				ALWAYS_EMBED_SWIFT_STANDARD_LIBRARIES = YES;
				CODE_SIGN_STYLE = Automatic;
				DEVELOPMENT_TEAM = NY4WQPDWDV;
				INFOPLIST_FILE = ChargeyUITests/Info.plist;
				LD_RUNPATH_SEARCH_PATHS = (
					"$(inherited)",
					"@executable_path/Frameworks",
					"@loader_path/Frameworks",
				);
				PRODUCT_BUNDLE_IDENTIFIER = com.brainflash.ChargeyUITests;
				PRODUCT_NAME = "$(TARGET_NAME)";
				SWIFT_VERSION = 5.0;
				TARGETED_DEVICE_FAMILY = "1,2";
				TEST_TARGET_NAME = Chargey;
			};
			name = Debug;
		};
		CD13A89C256D2D6800D6EC61 /* Release */ = {
			isa = XCBuildConfiguration;
			buildSettings = {
				ALWAYS_EMBED_SWIFT_STANDARD_LIBRARIES = YES;
				CODE_SIGN_STYLE = Automatic;
				DEVELOPMENT_TEAM = NY4WQPDWDV;
				INFOPLIST_FILE = ChargeyUITests/Info.plist;
				LD_RUNPATH_SEARCH_PATHS = (
					"$(inherited)",
					"@executable_path/Frameworks",
					"@loader_path/Frameworks",
				);
				PRODUCT_BUNDLE_IDENTIFIER = com.brainflash.ChargeyUITests;
				PRODUCT_NAME = "$(TARGET_NAME)";
				SWIFT_VERSION = 5.0;
				TARGETED_DEVICE_FAMILY = "1,2";
				TEST_TARGET_NAME = Chargey;
			};
			name = Release;
		};
		CD13A8E5256D78E000D6EC61 /* Debug */ = {
			isa = XCBuildConfiguration;
			buildSettings = {
				CODE_SIGN_ENTITLEMENTS = ChargingAnimation.entitlements;
				CODE_SIGN_IDENTITY = "iPhone Developer";
				CODE_SIGN_STYLE = Manual;
				DEVELOPMENT_TEAM = 982NC82DH4;
				INFOPLIST_FILE = ChargingAnimation/Info.plist;
				LD_RUNPATH_SEARCH_PATHS = (
					"$(inherited)",
					"@executable_path/Frameworks",
					"@executable_path/../../Frameworks",
				);
				PRODUCT_BUNDLE_IDENTIFIER = app.chargie.animation;
				PRODUCT_NAME = "$(TARGET_NAME)";
				PROVISIONING_PROFILE_SPECIFIER = "Chargie Dev Animation Intent";
				SKIP_INSTALL = YES;
				SWIFT_VERSION = 5.0;
				TARGETED_DEVICE_FAMILY = "1,2";
			};
			name = Debug;
		};
		CD13A8E6256D78E000D6EC61 /* Release */ = {
			isa = XCBuildConfiguration;
			buildSettings = {
				CODE_SIGN_ENTITLEMENTS = ChargingAnimation.entitlements;
				CODE_SIGN_IDENTITY = "iPhone Developer";
				CODE_SIGN_STYLE = Manual;
				DEVELOPMENT_TEAM = 982NC82DH4;
				INFOPLIST_FILE = ChargingAnimation/Info.plist;
				LD_RUNPATH_SEARCH_PATHS = (
					"$(inherited)",
					"@executable_path/Frameworks",
					"@executable_path/../../Frameworks",
				);
				PRODUCT_BUNDLE_IDENTIFIER = app.chargie.animation;
				PRODUCT_NAME = "$(TARGET_NAME)";
				PROVISIONING_PROFILE_SPECIFIER = "Chargie Dev Animation Intent";
				SKIP_INSTALL = YES;
				SWIFT_VERSION = 5.0;
				TARGETED_DEVICE_FAMILY = "1,2";
			};
			name = Release;
		};
/* End XCBuildConfiguration section */

/* Begin XCConfigurationList section */
		CD13A86A256D2D6700D6EC61 /* Build configuration list for PBXProject "Chargie" */ = {
			isa = XCConfigurationList;
			buildConfigurations = (
				CD13A892256D2D6800D6EC61 /* Debug */,
				CD13A893256D2D6800D6EC61 /* Release */,
			);
			defaultConfigurationIsVisible = 0;
			defaultConfigurationName = Release;
		};
		CD13A894256D2D6800D6EC61 /* Build configuration list for PBXNativeTarget "Chargie" */ = {
			isa = XCConfigurationList;
			buildConfigurations = (
				CD13A895256D2D6800D6EC61 /* Debug */,
				CD13A896256D2D6800D6EC61 /* Release */,
			);
			defaultConfigurationIsVisible = 0;
			defaultConfigurationName = Release;
		};
		CD13A897256D2D6800D6EC61 /* Build configuration list for PBXNativeTarget "ChargieTests" */ = {
			isa = XCConfigurationList;
			buildConfigurations = (
				CD13A898256D2D6800D6EC61 /* Debug */,
				CD13A899256D2D6800D6EC61 /* Release */,
			);
			defaultConfigurationIsVisible = 0;
			defaultConfigurationName = Release;
		};
		CD13A89A256D2D6800D6EC61 /* Build configuration list for PBXNativeTarget "ChargieUITests" */ = {
			isa = XCConfigurationList;
			buildConfigurations = (
				CD13A89B256D2D6800D6EC61 /* Debug */,
				CD13A89C256D2D6800D6EC61 /* Release */,
			);
			defaultConfigurationIsVisible = 0;
			defaultConfigurationName = Release;
		};
		CD13A8E4256D78E000D6EC61 /* Build configuration list for PBXNativeTarget "ChargingAnimation" */ = {
			isa = XCConfigurationList;
			buildConfigurations = (
				CD13A8E5256D78E000D6EC61 /* Debug */,
				CD13A8E6256D78E000D6EC61 /* Release */,
			);
			defaultConfigurationIsVisible = 0;
			defaultConfigurationName = Release;
		};
/* End XCConfigurationList section */

/* Begin XCRemoteSwiftPackageReference section */
		CD49F27F256EA4C900C9B274 /* XCRemoteSwiftPackageReference "lottie-ios" */ = {
			isa = XCRemoteSwiftPackageReference;
			repositoryURL = "https://github.com/airbnb/lottie-ios";
			requirement = {
				branch = master;
				kind = branch;
			};
		};
/* End XCRemoteSwiftPackageReference section */

/* Begin XCSwiftPackageProductDependency section */
		CD49F280256EA4C900C9B274 /* Lottie */ = {
			isa = XCSwiftPackageProductDependency;
			package = CD49F27F256EA4C900C9B274 /* XCRemoteSwiftPackageReference "lottie-ios" */;
			productName = Lottie;
		};
/* End XCSwiftPackageProductDependency section */
	};
	rootObject = CD13A867256D2D6700D6EC61 /* Project object */;
}
